// !$*UTF8*$!
{
	archiveVersion = 1;
	classes = {
	};
	objectVersion = 46;
	objects = {

/* Begin PBXBuildFile section */
		9B8F95C91D6BF259008C5024 /* CommonManager.m in Sources */ = {isa = PBXBuildFile; fileRef = 9B8F95C81D6BF259008C5024 /* CommonManager.m */; };
		9B8F96271D6ED51F008C5024 /* UIView+Extension.m in Sources */ = {isa = PBXBuildFile; fileRef = 9B8F96261D6ED51F008C5024 /* UIView+Extension.m */; };
		9B8F962B1D6EE10F008C5024 /* UIImageView+Extension.m in Sources */ = {isa = PBXBuildFile; fileRef = 9B8F962A1D6EE10F008C5024 /* UIImageView+Extension.m */; };
		9B8F962E1D6EE1AA008C5024 /* UIImage+Extension.m in Sources */ = {isa = PBXBuildFile; fileRef = 9B8F962D1D6EE1AA008C5024 /* UIImage+Extension.m */; };
		9B8F96341D6EE976008C5024 /* common.plist in Resources */ = {isa = PBXBuildFile; fileRef = 9B8F96331D6EE976008C5024 /* common.plist */; };
		9B8F96771D6FC4B9008C5024 /* animation.plist in Resources */ = {isa = PBXBuildFile; fileRef = 9B8F96761D6FC4B9008C5024 /* animation.plist */; };
		9B8F967C1D6FC54E008C5024 /* AnimationController.m in Sources */ = {isa = PBXBuildFile; fileRef = 9B8F967B1D6FC54E008C5024 /* AnimationController.m */; };
		9B8F96811D6FC8A9008C5024 /* WeiboPopController.m in Sources */ = {isa = PBXBuildFile; fileRef = 9B8F96801D6FC8A9008C5024 /* WeiboPopController.m */; };
		9B8F96871D6FD019008C5024 /* CustomMenuController.m in Sources */ = {isa = PBXBuildFile; fileRef = 9B8F96861D6FD019008C5024 /* CustomMenuController.m */; };
		9B8F96891D702CE8008C5024 /* category.plist in Resources */ = {isa = PBXBuildFile; fileRef = 9B8F96881D702CE8008C5024 /* category.plist */; };
		9B8F968C1D702D96008C5024 /* CommonController.m in Sources */ = {isa = PBXBuildFile; fileRef = 9B8F968B1D702D96008C5024 /* CommonController.m */; };
		9B8F96C61D702F40008C5024 /* PasswordController.m in Sources */ = {isa = PBXBuildFile; fileRef = 9B8F968F1D702F40008C5024 /* PasswordController.m */; };
		9B8F96C71D702F40008C5024 /* PasswordView.m in Sources */ = {isa = PBXBuildFile; fileRef = 9B8F96911D702F40008C5024 /* PasswordView.m */; };
		9B8F96C81D702F40008C5024 /* CornerRadiusController.m in Sources */ = {isa = PBXBuildFile; fileRef = 9B8F96941D702F40008C5024 /* CornerRadiusController.m */; };
		9B8F96C91D702F40008C5024 /* AdvertScrollView.m in Sources */ = {isa = PBXBuildFile; fileRef = 9B8F96971D702F40008C5024 /* AdvertScrollView.m */; };
		9B8F96CA1D702F40008C5024 /* CarouselAdvertController.m in Sources */ = {isa = PBXBuildFile; fileRef = 9B8F96991D702F40008C5024 /* CarouselAdvertController.m */; };
		9B8F96CB1D702F40008C5024 /* BoxView.m in Sources */ = {isa = PBXBuildFile; fileRef = 9B8F969C1D702F40008C5024 /* BoxView.m */; };
		9B8F96CC1D702F40008C5024 /* DragBoxController.m in Sources */ = {isa = PBXBuildFile; fileRef = 9B8F969E1D702F40008C5024 /* DragBoxController.m */; };
		9B8F96CD1D702F40008C5024 /* BlurryController.m in Sources */ = {isa = PBXBuildFile; fileRef = 9B8F96A21D702F40008C5024 /* BlurryController.m */; };
		9B8F96CE1D702F40008C5024 /* area.plist in Resources */ = {isa = PBXBuildFile; fileRef = 9B8F96A41D702F40008C5024 /* area.plist */; };
		9B8F96CF1D702F40008C5024 /* AreaPickerController.m in Sources */ = {isa = PBXBuildFile; fileRef = 9B8F96A61D702F40008C5024 /* AreaPickerController.m */; };
		9B8F96D01D702F40008C5024 /* AreaPickerView.m in Sources */ = {isa = PBXBuildFile; fileRef = 9B8F96A81D702F40008C5024 /* AreaPickerView.m */; };
		9B8F96D11D702F40008C5024 /* NightModeController.m in Sources */ = {isa = PBXBuildFile; fileRef = 9B8F96AB1D702F40008C5024 /* NightModeController.m */; };
		9B8F96D21D702F40008C5024 /* Chalkduster.ttf in Resources */ = {isa = PBXBuildFile; fileRef = 9B8F96AD1D702F40008C5024 /* Chalkduster.ttf */; };
		9B8F96D31D702F40008C5024 /* CustomFontController.m in Sources */ = {isa = PBXBuildFile; fileRef = 9B8F96AF1D702F40008C5024 /* CustomFontController.m */; };
		9B8F96D41D702F40008C5024 /* WawaTC-Regular.otf in Resources */ = {isa = PBXBuildFile; fileRef = 9B8F96B01D702F40008C5024 /* WawaTC-Regular.otf */; };
		9B8F96D51D702F40008C5024 /* YuppySC-Regular.otf in Resources */ = {isa = PBXBuildFile; fileRef = 9B8F96B11D702F40008C5024 /* YuppySC-Regular.otf */; };
		9B8F96D61D702F40008C5024 /* UINavigationController+PopPresent.m in Sources */ = {isa = PBXBuildFile; fileRef = 9B8F96B51D702F40008C5024 /* UINavigationController+PopPresent.m */; };
		9B8F96D71D702F40008C5024 /* UIViewController+PopPresent.m in Sources */ = {isa = PBXBuildFile; fileRef = 9B8F96B71D702F40008C5024 /* UIViewController+PopPresent.m */; };
		9B8F96D81D702F40008C5024 /* PopPresentController.m in Sources */ = {isa = PBXBuildFile; fileRef = 9B8F96BA1D702F40008C5024 /* PopPresentController.m */; };
		9B8F96D91D702F40008C5024 /* TextViewFiledController.m in Sources */ = {isa = PBXBuildFile; fileRef = 9B8F96BD1D702F40008C5024 /* TextViewFiledController.m */; };
		9B8F96DA1D702F40008C5024 /* TextViewPlaceholder.m in Sources */ = {isa = PBXBuildFile; fileRef = 9B8F96BF1D702F40008C5024 /* TextViewPlaceholder.m */; };
		9B8F96DB1D702F40008C5024 /* weakStrongController.m in Sources */ = {isa = PBXBuildFile; fileRef = 9B8F96C31D702F40008C5024 /* weakStrongController.m */; };
		9B8F96DC1D702F40008C5024 /* weakStrongModel.m in Sources */ = {isa = PBXBuildFile; fileRef = 9B8F96C51D702F40008C5024 /* weakStrongModel.m */; };
		9B8F96E01D703955008C5024 /* PraiseController.m in Sources */ = {isa = PBXBuildFile; fileRef = 9B8F96DF1D703955008C5024 /* PraiseController.m */; };
		9B8F96E61D703B7A008C5024 /* PraiseButton.m in Sources */ = {isa = PBXBuildFile; fileRef = 9B8F96E51D703B7A008C5024 /* PraiseButton.m */; };
		9BF364EE1D62B20A008B290D /* main.m in Sources */ = {isa = PBXBuildFile; fileRef = 9BF364ED1D62B20A008B290D /* main.m */; };
		9BF364F11D62B20A008B290D /* AppDelegate.m in Sources */ = {isa = PBXBuildFile; fileRef = 9BF364F01D62B20A008B290D /* AppDelegate.m */; };
		9BF364F71D62B20A008B290D /* Main.storyboard in Resources */ = {isa = PBXBuildFile; fileRef = 9BF364F51D62B20A008B290D /* Main.storyboard */; };
		9BF364F91D62B20A008B290D /* Assets.xcassets in Resources */ = {isa = PBXBuildFile; fileRef = 9BF364F81D62B20A008B290D /* Assets.xcassets */; };
		9BF364FC1D62B20A008B290D /* LaunchScreen.storyboard in Resources */ = {isa = PBXBuildFile; fileRef = 9BF364FA1D62B20A008B290D /* LaunchScreen.storyboard */; };
		9BF365071D62B20A008B290D /* DailyAccumulationTests.m in Sources */ = {isa = PBXBuildFile; fileRef = 9BF365061D62B20A008B290D /* DailyAccumulationTests.m */; };
		9BF365121D62B20A008B290D /* DailyAccumulationUITests.m in Sources */ = {isa = PBXBuildFile; fileRef = 9BF365111D62B20A008B290D /* DailyAccumulationUITests.m */; };
		9BF365231D62B28E008B290D /* SuperViewController.m in Sources */ = {isa = PBXBuildFile; fileRef = 9BF365221D62B28E008B290D /* SuperViewController.m */; };
		9BF3652C1D62B322008B290D /* RootViewController.m in Sources */ = {isa = PBXBuildFile; fileRef = 9BF3652B1D62B322008B290D /* RootViewController.m */; };
/* End PBXBuildFile section */

/* Begin PBXContainerItemProxy section */
		9BF365031D62B20A008B290D /* PBXContainerItemProxy */ = {
			isa = PBXContainerItemProxy;
			containerPortal = 9BF364E11D62B20A008B290D /* Project object */;
			proxyType = 1;
			remoteGlobalIDString = 9BF364E81D62B20A008B290D;
			remoteInfo = DailyAccumulation;
		};
		9BF3650E1D62B20A008B290D /* PBXContainerItemProxy */ = {
			isa = PBXContainerItemProxy;
			containerPortal = 9BF364E11D62B20A008B290D /* Project object */;
			proxyType = 1;
			remoteGlobalIDString = 9BF364E81D62B20A008B290D;
			remoteInfo = DailyAccumulation;
		};
/* End PBXContainerItemProxy section */

/* Begin PBXFileReference section */
		9B8F95C61D6BF1B9008C5024 /* ConfigGlobal.h */ = {isa = PBXFileReference; lastKnownFileType = sourcecode.c.h; path = ConfigGlobal.h; sourceTree = "<group>"; };
		9B8F95C71D6BF259008C5024 /* CommonManager.h */ = {isa = PBXFileReference; fileEncoding = 4; lastKnownFileType = sourcecode.c.h; path = CommonManager.h; sourceTree = "<group>"; };
		9B8F95C81D6BF259008C5024 /* CommonManager.m */ = {isa = PBXFileReference; fileEncoding = 4; lastKnownFileType = sourcecode.c.objc; path = CommonManager.m; sourceTree = "<group>"; };
		9B8F96251D6ED51F008C5024 /* UIView+Extension.h */ = {isa = PBXFileReference; fileEncoding = 4; lastKnownFileType = sourcecode.c.h; path = "UIView+Extension.h"; sourceTree = "<group>"; };
		9B8F96261D6ED51F008C5024 /* UIView+Extension.m */ = {isa = PBXFileReference; fileEncoding = 4; lastKnownFileType = sourcecode.c.objc; path = "UIView+Extension.m"; sourceTree = "<group>"; };
		9B8F96281D6ED7CF008C5024 /* Xcode快捷键.h */ = {isa = PBXFileReference; lastKnownFileType = sourcecode.c.h; path = "Xcode快捷键.h"; sourceTree = "<group>"; };
		9B8F96291D6EE10F008C5024 /* UIImageView+Extension.h */ = {isa = PBXFileReference; fileEncoding = 4; lastKnownFileType = sourcecode.c.h; path = "UIImageView+Extension.h"; sourceTree = "<group>"; };
		9B8F962A1D6EE10F008C5024 /* UIImageView+Extension.m */ = {isa = PBXFileReference; fileEncoding = 4; lastKnownFileType = sourcecode.c.objc; path = "UIImageView+Extension.m"; sourceTree = "<group>"; };
		9B8F962C1D6EE1AA008C5024 /* UIImage+Extension.h */ = {isa = PBXFileReference; fileEncoding = 4; lastKnownFileType = sourcecode.c.h; path = "UIImage+Extension.h"; sourceTree = "<group>"; };
		9B8F962D1D6EE1AA008C5024 /* UIImage+Extension.m */ = {isa = PBXFileReference; fileEncoding = 4; lastKnownFileType = sourcecode.c.objc; path = "UIImage+Extension.m"; sourceTree = "<group>"; };
		9B8F96331D6EE976008C5024 /* common.plist */ = {isa = PBXFileReference; fileEncoding = 4; lastKnownFileType = text.plist.xml; path = common.plist; sourceTree = "<group>"; };
		9B8F96761D6FC4B9008C5024 /* animation.plist */ = {isa = PBXFileReference; fileEncoding = 4; lastKnownFileType = text.plist.xml; path = animation.plist; sourceTree = "<group>"; };
		9B8F967A1D6FC54E008C5024 /* AnimationController.h */ = {isa = PBXFileReference; fileEncoding = 4; lastKnownFileType = sourcecode.c.h; path = AnimationController.h; sourceTree = "<group>"; };
		9B8F967B1D6FC54E008C5024 /* AnimationController.m */ = {isa = PBXFileReference; fileEncoding = 4; lastKnownFileType = sourcecode.c.objc; path = AnimationController.m; sourceTree = "<group>"; };
		9B8F967F1D6FC8A9008C5024 /* WeiboPopController.h */ = {isa = PBXFileReference; fileEncoding = 4; lastKnownFileType = sourcecode.c.h; path = WeiboPopController.h; sourceTree = "<group>"; };
		9B8F96801D6FC8A9008C5024 /* WeiboPopController.m */ = {isa = PBXFileReference; fileEncoding = 4; lastKnownFileType = sourcecode.c.objc; path = WeiboPopController.m; sourceTree = "<group>"; };
		9B8F96851D6FD019008C5024 /* CustomMenuController.h */ = {isa = PBXFileReference; fileEncoding = 4; lastKnownFileType = sourcecode.c.h; path = CustomMenuController.h; sourceTree = "<group>"; };
		9B8F96861D6FD019008C5024 /* CustomMenuController.m */ = {isa = PBXFileReference; fileEncoding = 4; lastKnownFileType = sourcecode.c.objc; path = CustomMenuController.m; sourceTree = "<group>"; };
		9B8F96881D702CE8008C5024 /* category.plist */ = {isa = PBXFileReference; fileEncoding = 4; lastKnownFileType = text.plist.xml; path = category.plist; sourceTree = "<group>"; };
		9B8F968A1D702D96008C5024 /* CommonController.h */ = {isa = PBXFileReference; fileEncoding = 4; lastKnownFileType = sourcecode.c.h; path = CommonController.h; sourceTree = "<group>"; };
		9B8F968B1D702D96008C5024 /* CommonController.m */ = {isa = PBXFileReference; fileEncoding = 4; lastKnownFileType = sourcecode.c.objc; path = CommonController.m; sourceTree = "<group>"; };
		9B8F968E1D702F40008C5024 /* PasswordController.h */ = {isa = PBXFileReference; fileEncoding = 4; lastKnownFileType = sourcecode.c.h; path = PasswordController.h; sourceTree = "<group>"; };
		9B8F968F1D702F40008C5024 /* PasswordController.m */ = {isa = PBXFileReference; fileEncoding = 4; lastKnownFileType = sourcecode.c.objc; path = PasswordController.m; sourceTree = "<group>"; };
		9B8F96901D702F40008C5024 /* PasswordView.h */ = {isa = PBXFileReference; fileEncoding = 4; lastKnownFileType = sourcecode.c.h; path = PasswordView.h; sourceTree = "<group>"; };
		9B8F96911D702F40008C5024 /* PasswordView.m */ = {isa = PBXFileReference; fileEncoding = 4; lastKnownFileType = sourcecode.c.objc; path = PasswordView.m; sourceTree = "<group>"; };
		9B8F96931D702F40008C5024 /* CornerRadiusController.h */ = {isa = PBXFileReference; fileEncoding = 4; lastKnownFileType = sourcecode.c.h; path = CornerRadiusController.h; sourceTree = "<group>"; };
		9B8F96941D702F40008C5024 /* CornerRadiusController.m */ = {isa = PBXFileReference; fileEncoding = 4; lastKnownFileType = sourcecode.c.objc; path = CornerRadiusController.m; sourceTree = "<group>"; };
		9B8F96961D702F40008C5024 /* AdvertScrollView.h */ = {isa = PBXFileReference; fileEncoding = 4; lastKnownFileType = sourcecode.c.h; path = AdvertScrollView.h; sourceTree = "<group>"; };
		9B8F96971D702F40008C5024 /* AdvertScrollView.m */ = {isa = PBXFileReference; fileEncoding = 4; lastKnownFileType = sourcecode.c.objc; path = AdvertScrollView.m; sourceTree = "<group>"; };
		9B8F96981D702F40008C5024 /* CarouselAdvertController.h */ = {isa = PBXFileReference; fileEncoding = 4; lastKnownFileType = sourcecode.c.h; path = CarouselAdvertController.h; sourceTree = "<group>"; };
		9B8F96991D702F40008C5024 /* CarouselAdvertController.m */ = {isa = PBXFileReference; fileEncoding = 4; lastKnownFileType = sourcecode.c.objc; path = CarouselAdvertController.m; sourceTree = "<group>"; };
		9B8F969B1D702F40008C5024 /* BoxView.h */ = {isa = PBXFileReference; fileEncoding = 4; lastKnownFileType = sourcecode.c.h; path = BoxView.h; sourceTree = "<group>"; };
		9B8F969C1D702F40008C5024 /* BoxView.m */ = {isa = PBXFileReference; fileEncoding = 4; lastKnownFileType = sourcecode.c.objc; path = BoxView.m; sourceTree = "<group>"; };
		9B8F969D1D702F40008C5024 /* DragBoxController.h */ = {isa = PBXFileReference; fileEncoding = 4; lastKnownFileType = sourcecode.c.h; path = DragBoxController.h; sourceTree = "<group>"; };
		9B8F969E1D702F40008C5024 /* DragBoxController.m */ = {isa = PBXFileReference; fileEncoding = 4; lastKnownFileType = sourcecode.c.objc; path = DragBoxController.m; sourceTree = "<group>"; };
		9B8F96A11D702F40008C5024 /* BlurryController.h */ = {isa = PBXFileReference; fileEncoding = 4; lastKnownFileType = sourcecode.c.h; path = BlurryController.h; sourceTree = "<group>"; };
		9B8F96A21D702F40008C5024 /* BlurryController.m */ = {isa = PBXFileReference; fileEncoding = 4; lastKnownFileType = sourcecode.c.objc; path = BlurryController.m; sourceTree = "<group>"; };
		9B8F96A41D702F40008C5024 /* area.plist */ = {isa = PBXFileReference; fileEncoding = 4; lastKnownFileType = text.plist.xml; path = area.plist; sourceTree = "<group>"; };
		9B8F96A51D702F40008C5024 /* AreaPickerController.h */ = {isa = PBXFileReference; fileEncoding = 4; lastKnownFileType = sourcecode.c.h; path = AreaPickerController.h; sourceTree = "<group>"; };
		9B8F96A61D702F40008C5024 /* AreaPickerController.m */ = {isa = PBXFileReference; fileEncoding = 4; lastKnownFileType = sourcecode.c.objc; path = AreaPickerController.m; sourceTree = "<group>"; };
		9B8F96A71D702F40008C5024 /* AreaPickerView.h */ = {isa = PBXFileReference; fileEncoding = 4; lastKnownFileType = sourcecode.c.h; path = AreaPickerView.h; sourceTree = "<group>"; };
		9B8F96A81D702F40008C5024 /* AreaPickerView.m */ = {isa = PBXFileReference; fileEncoding = 4; lastKnownFileType = sourcecode.c.objc; path = AreaPickerView.m; sourceTree = "<group>"; };
		9B8F96AA1D702F40008C5024 /* NightModeController.h */ = {isa = PBXFileReference; fileEncoding = 4; lastKnownFileType = sourcecode.c.h; path = NightModeController.h; sourceTree = "<group>"; };
		9B8F96AB1D702F40008C5024 /* NightModeController.m */ = {isa = PBXFileReference; fileEncoding = 4; lastKnownFileType = sourcecode.c.objc; path = NightModeController.m; sourceTree = "<group>"; };
		9B8F96AD1D702F40008C5024 /* Chalkduster.ttf */ = {isa = PBXFileReference; lastKnownFileType = file; path = Chalkduster.ttf; sourceTree = "<group>"; };
		9B8F96AE1D702F40008C5024 /* CustomFontController.h */ = {isa = PBXFileReference; fileEncoding = 4; lastKnownFileType = sourcecode.c.h; path = CustomFontController.h; sourceTree = "<group>"; };
		9B8F96AF1D702F40008C5024 /* CustomFontController.m */ = {isa = PBXFileReference; fileEncoding = 4; lastKnownFileType = sourcecode.c.objc; path = CustomFontController.m; sourceTree = "<group>"; };
		9B8F96B01D702F40008C5024 /* WawaTC-Regular.otf */ = {isa = PBXFileReference; lastKnownFileType = file; path = "WawaTC-Regular.otf"; sourceTree = "<group>"; };
		9B8F96B11D702F40008C5024 /* YuppySC-Regular.otf */ = {isa = PBXFileReference; lastKnownFileType = file; path = "YuppySC-Regular.otf"; sourceTree = "<group>"; };
		9B8F96B41D702F40008C5024 /* UINavigationController+PopPresent.h */ = {isa = PBXFileReference; fileEncoding = 4; lastKnownFileType = sourcecode.c.h; path = "UINavigationController+PopPresent.h"; sourceTree = "<group>"; };
		9B8F96B51D702F40008C5024 /* UINavigationController+PopPresent.m */ = {isa = PBXFileReference; fileEncoding = 4; lastKnownFileType = sourcecode.c.objc; path = "UINavigationController+PopPresent.m"; sourceTree = "<group>"; };
		9B8F96B61D702F40008C5024 /* UIViewController+PopPresent.h */ = {isa = PBXFileReference; fileEncoding = 4; lastKnownFileType = sourcecode.c.h; path = "UIViewController+PopPresent.h"; sourceTree = "<group>"; };
		9B8F96B71D702F40008C5024 /* UIViewController+PopPresent.m */ = {isa = PBXFileReference; fileEncoding = 4; lastKnownFileType = sourcecode.c.objc; path = "UIViewController+PopPresent.m"; sourceTree = "<group>"; };
		9B8F96B81D702F40008C5024 /* PopPresentConfig.h */ = {isa = PBXFileReference; fileEncoding = 4; lastKnownFileType = sourcecode.c.h; path = PopPresentConfig.h; sourceTree = "<group>"; };
		9B8F96B91D702F40008C5024 /* PopPresentController.h */ = {isa = PBXFileReference; fileEncoding = 4; lastKnownFileType = sourcecode.c.h; path = PopPresentController.h; sourceTree = "<group>"; };
		9B8F96BA1D702F40008C5024 /* PopPresentController.m */ = {isa = PBXFileReference; fileEncoding = 4; lastKnownFileType = sourcecode.c.objc; path = PopPresentController.m; sourceTree = "<group>"; };
		9B8F96BC1D702F40008C5024 /* TextViewFiledController.h */ = {isa = PBXFileReference; fileEncoding = 4; lastKnownFileType = sourcecode.c.h; path = TextViewFiledController.h; sourceTree = "<group>"; };
		9B8F96BD1D702F40008C5024 /* TextViewFiledController.m */ = {isa = PBXFileReference; fileEncoding = 4; lastKnownFileType = sourcecode.c.objc; path = TextViewFiledController.m; sourceTree = "<group>"; };
		9B8F96BE1D702F40008C5024 /* TextViewPlaceholder.h */ = {isa = PBXFileReference; fileEncoding = 4; lastKnownFileType = sourcecode.c.h; path = TextViewPlaceholder.h; sourceTree = "<group>"; };
		9B8F96BF1D702F40008C5024 /* TextViewPlaceholder.m */ = {isa = PBXFileReference; fileEncoding = 4; lastKnownFileType = sourcecode.c.objc; path = TextViewPlaceholder.m; sourceTree = "<group>"; };
		9B8F96C21D702F40008C5024 /* weakStrongController.h */ = {isa = PBXFileReference; fileEncoding = 4; lastKnownFileType = sourcecode.c.h; path = weakStrongController.h; sourceTree = "<group>"; };
		9B8F96C31D702F40008C5024 /* weakStrongController.m */ = {isa = PBXFileReference; fileEncoding = 4; lastKnownFileType = sourcecode.c.objc; path = weakStrongController.m; sourceTree = "<group>"; };
		9B8F96C41D702F40008C5024 /* weakStrongModel.h */ = {isa = PBXFileReference; fileEncoding = 4; lastKnownFileType = sourcecode.c.h; path = weakStrongModel.h; sourceTree = "<group>"; };
		9B8F96C51D702F40008C5024 /* weakStrongModel.m */ = {isa = PBXFileReference; fileEncoding = 4; lastKnownFileType = sourcecode.c.objc; path = weakStrongModel.m; sourceTree = "<group>"; };
		9B8F96DE1D703955008C5024 /* PraiseController.h */ = {isa = PBXFileReference; fileEncoding = 4; lastKnownFileType = sourcecode.c.h; path = PraiseController.h; sourceTree = "<group>"; };
		9B8F96DF1D703955008C5024 /* PraiseController.m */ = {isa = PBXFileReference; fileEncoding = 4; lastKnownFileType = sourcecode.c.objc; path = PraiseController.m; sourceTree = "<group>"; };
		9B8F96E41D703B7A008C5024 /* PraiseButton.h */ = {isa = PBXFileReference; fileEncoding = 4; lastKnownFileType = sourcecode.c.h; path = PraiseButton.h; sourceTree = "<group>"; };
		9B8F96E51D703B7A008C5024 /* PraiseButton.m */ = {isa = PBXFileReference; fileEncoding = 4; lastKnownFileType = sourcecode.c.objc; path = PraiseButton.m; sourceTree = "<group>"; };
		9BF364E91D62B20A008B290D /* DailyAccumulation.app */ = {isa = PBXFileReference; explicitFileType = wrapper.application; includeInIndex = 0; path = DailyAccumulation.app; sourceTree = BUILT_PRODUCTS_DIR; };
		9BF364ED1D62B20A008B290D /* main.m */ = {isa = PBXFileReference; lastKnownFileType = sourcecode.c.objc; path = main.m; sourceTree = "<group>"; };
		9BF364EF1D62B20A008B290D /* AppDelegate.h */ = {isa = PBXFileReference; lastKnownFileType = sourcecode.c.h; path = AppDelegate.h; sourceTree = "<group>"; };
		9BF364F01D62B20A008B290D /* AppDelegate.m */ = {isa = PBXFileReference; lastKnownFileType = sourcecode.c.objc; path = AppDelegate.m; sourceTree = "<group>"; };
		9BF364F61D62B20A008B290D /* Base */ = {isa = PBXFileReference; lastKnownFileType = file.storyboard; name = Base; path = Base.lproj/Main.storyboard; sourceTree = "<group>"; };
		9BF364F81D62B20A008B290D /* Assets.xcassets */ = {isa = PBXFileReference; lastKnownFileType = folder.assetcatalog; path = Assets.xcassets; sourceTree = "<group>"; };
		9BF364FB1D62B20A008B290D /* Base */ = {isa = PBXFileReference; lastKnownFileType = file.storyboard; name = Base; path = Base.lproj/LaunchScreen.storyboard; sourceTree = "<group>"; };
		9BF364FD1D62B20A008B290D /* Info.plist */ = {isa = PBXFileReference; lastKnownFileType = text.plist.xml; path = Info.plist; sourceTree = "<group>"; };
		9BF365021D62B20A008B290D /* DailyAccumulationTests.xctest */ = {isa = PBXFileReference; explicitFileType = wrapper.cfbundle; includeInIndex = 0; path = DailyAccumulationTests.xctest; sourceTree = BUILT_PRODUCTS_DIR; };
		9BF365061D62B20A008B290D /* DailyAccumulationTests.m */ = {isa = PBXFileReference; lastKnownFileType = sourcecode.c.objc; path = DailyAccumulationTests.m; sourceTree = "<group>"; };
		9BF365081D62B20A008B290D /* Info.plist */ = {isa = PBXFileReference; lastKnownFileType = text.plist.xml; path = Info.plist; sourceTree = "<group>"; };
		9BF3650D1D62B20A008B290D /* DailyAccumulationUITests.xctest */ = {isa = PBXFileReference; explicitFileType = wrapper.cfbundle; includeInIndex = 0; path = DailyAccumulationUITests.xctest; sourceTree = BUILT_PRODUCTS_DIR; };
		9BF365111D62B20A008B290D /* DailyAccumulationUITests.m */ = {isa = PBXFileReference; lastKnownFileType = sourcecode.c.objc; path = DailyAccumulationUITests.m; sourceTree = "<group>"; };
		9BF365131D62B20A008B290D /* Info.plist */ = {isa = PBXFileReference; lastKnownFileType = text.plist.xml; path = Info.plist; sourceTree = "<group>"; };
		9BF365211D62B28E008B290D /* SuperViewController.h */ = {isa = PBXFileReference; fileEncoding = 4; lastKnownFileType = sourcecode.c.h; path = SuperViewController.h; sourceTree = "<group>"; };
		9BF365221D62B28E008B290D /* SuperViewController.m */ = {isa = PBXFileReference; fileEncoding = 4; lastKnownFileType = sourcecode.c.objc; path = SuperViewController.m; sourceTree = "<group>"; };
		9BF3652A1D62B322008B290D /* RootViewController.h */ = {isa = PBXFileReference; fileEncoding = 4; lastKnownFileType = sourcecode.c.h; path = RootViewController.h; sourceTree = "<group>"; };
		9BF3652B1D62B322008B290D /* RootViewController.m */ = {isa = PBXFileReference; fileEncoding = 4; lastKnownFileType = sourcecode.c.objc; path = RootViewController.m; sourceTree = "<group>"; };
		9BF3652D1D62B35B008B290D /* DailyAccumulation.pch */ = {isa = PBXFileReference; lastKnownFileType = sourcecode.c.h; path = DailyAccumulation.pch; sourceTree = "<group>"; };
/* End PBXFileReference section */

/* Begin PBXFrameworksBuildPhase section */
		9BF364E61D62B20A008B290D /* Frameworks */ = {
			isa = PBXFrameworksBuildPhase;
			buildActionMask = 2147483647;
			files = (
			);
			runOnlyForDeploymentPostprocessing = 0;
		};
		9BF364FF1D62B20A008B290D /* Frameworks */ = {
			isa = PBXFrameworksBuildPhase;
			buildActionMask = 2147483647;
			files = (
			);
			runOnlyForDeploymentPostprocessing = 0;
		};
		9BF3650A1D62B20A008B290D /* Frameworks */ = {
			isa = PBXFrameworksBuildPhase;
			buildActionMask = 2147483647;
			files = (
			);
			runOnlyForDeploymentPostprocessing = 0;
		};
/* End PBXFrameworksBuildPhase section */

/* Begin PBXGroup section */
		9B8F96241D6ED4FB008C5024 /* Extensions */ = {
			isa = PBXGroup;
			children = (
				9B8F96251D6ED51F008C5024 /* UIView+Extension.h */,
				9B8F96261D6ED51F008C5024 /* UIView+Extension.m */,
				9B8F96291D6EE10F008C5024 /* UIImageView+Extension.h */,
				9B8F962A1D6EE10F008C5024 /* UIImageView+Extension.m */,
				9B8F962C1D6EE1AA008C5024 /* UIImage+Extension.h */,
				9B8F962D1D6EE1AA008C5024 /* UIImage+Extension.m */,
			);
			path = Extensions;
			sourceTree = "<group>";
		};
		9B8F96791D6FC52A008C5024 /* 动画集锦 */ = {
			isa = PBXGroup;
			children = (
				9B8F967A1D6FC54E008C5024 /* AnimationController.h */,
				9B8F967B1D6FC54E008C5024 /* AnimationController.m */,
				9B8F967E1D6FC87F008C5024 /* 发微博弹出视图 */,
				9B8F96DD1D703943008C5024 /* 点赞动画 */,
			);
			path = "动画集锦";
			sourceTree = "<group>";
		};
		9B8F967D1D6FC615008C5024 /* 常见功能集锦 */ = {
			isa = PBXGroup;
			children = (
				9B8F968A1D702D96008C5024 /* CommonController.h */,
				9B8F968B1D702D96008C5024 /* CommonController.m */,
				9B8F968D1D702F40008C5024 /* 仿微信支付密码输入 */,
				9B8F96921D702F40008C5024 /* 高性能圆角 */,
				9B8F96951D702F40008C5024 /* 广告轮播 */,
				9B8F969A1D702F40008C5024 /* 九宫格拖拽 */,
				9B8F96A01D702F40008C5024 /* 毛玻璃效果 */,
				9B8F96A31D702F40008C5024 /* 省市区联动 */,
				9B8F96A91D702F40008C5024 /* 夜间模式 */,
				9B8F96AC1D702F40008C5024 /* 自定义字体 */,
				9B8F96B21D702F40008C5024 /* Pop_Present动画 */,
				9B8F96BB1D702F40008C5024 /* UITextFiled与UITextView占位符 */,
				9B8F96C11D702F40008C5024 /* weakSelf与strongSelf */,
			);
			path = "常见功能集锦";
			sourceTree = "<group>";
		};
		9B8F967E1D6FC87F008C5024 /* 发微博弹出视图 */ = {
			isa = PBXGroup;
			children = (
				9B8F967F1D6FC8A9008C5024 /* WeiboPopController.h */,
				9B8F96801D6FC8A9008C5024 /* WeiboPopController.m */,
				9B8F96851D6FD019008C5024 /* CustomMenuController.h */,
				9B8F96861D6FD019008C5024 /* CustomMenuController.m */,
			);
			path = "发微博弹出视图";
			sourceTree = "<group>";
		};
		9B8F968D1D702F40008C5024 /* 仿微信支付密码输入 */ = {
			isa = PBXGroup;
			children = (
				9B8F968E1D702F40008C5024 /* PasswordController.h */,
				9B8F968F1D702F40008C5024 /* PasswordController.m */,
				9B8F96901D702F40008C5024 /* PasswordView.h */,
				9B8F96911D702F40008C5024 /* PasswordView.m */,
			);
			path = "仿微信支付密码输入";
			sourceTree = "<group>";
		};
		9B8F96921D702F40008C5024 /* 高性能圆角 */ = {
			isa = PBXGroup;
			children = (
				9B8F96931D702F40008C5024 /* CornerRadiusController.h */,
				9B8F96941D702F40008C5024 /* CornerRadiusController.m */,
			);
			path = "高性能圆角";
			sourceTree = "<group>";
		};
		9B8F96951D702F40008C5024 /* 广告轮播 */ = {
			isa = PBXGroup;
			children = (
				9B8F96961D702F40008C5024 /* AdvertScrollView.h */,
				9B8F96971D702F40008C5024 /* AdvertScrollView.m */,
				9B8F96981D702F40008C5024 /* CarouselAdvertController.h */,
				9B8F96991D702F40008C5024 /* CarouselAdvertController.m */,
			);
			path = "广告轮播";
			sourceTree = "<group>";
		};
		9B8F969A1D702F40008C5024 /* 九宫格拖拽 */ = {
			isa = PBXGroup;
			children = (
				9B8F969B1D702F40008C5024 /* BoxView.h */,
				9B8F969C1D702F40008C5024 /* BoxView.m */,
				9B8F969D1D702F40008C5024 /* DragBoxController.h */,
				9B8F969E1D702F40008C5024 /* DragBoxController.m */,
				9B8F969F1D702F40008C5024 /* 省市区联动 */,
			);
			path = "九宫格拖拽";
			sourceTree = "<group>";
		};
		9B8F969F1D702F40008C5024 /* 省市区联动 */ = {
			isa = PBXGroup;
			children = (
			);
			path = "省市区联动";
			sourceTree = "<group>";
		};
		9B8F96A01D702F40008C5024 /* 毛玻璃效果 */ = {
			isa = PBXGroup;
			children = (
				9B8F96A11D702F40008C5024 /* BlurryController.h */,
				9B8F96A21D702F40008C5024 /* BlurryController.m */,
			);
			path = "毛玻璃效果";
			sourceTree = "<group>";
		};
		9B8F96A31D702F40008C5024 /* 省市区联动 */ = {
			isa = PBXGroup;
			children = (
				9B8F96A41D702F40008C5024 /* area.plist */,
				9B8F96A51D702F40008C5024 /* AreaPickerController.h */,
				9B8F96A61D702F40008C5024 /* AreaPickerController.m */,
				9B8F96A71D702F40008C5024 /* AreaPickerView.h */,
				9B8F96A81D702F40008C5024 /* AreaPickerView.m */,
			);
			path = "省市区联动";
			sourceTree = "<group>";
		};
		9B8F96A91D702F40008C5024 /* 夜间模式 */ = {
			isa = PBXGroup;
			children = (
				9B8F96AA1D702F40008C5024 /* NightModeController.h */,
				9B8F96AB1D702F40008C5024 /* NightModeController.m */,
			);
			path = "夜间模式";
			sourceTree = "<group>";
		};
		9B8F96AC1D702F40008C5024 /* 自定义字体 */ = {
			isa = PBXGroup;
			children = (
				9B8F96AD1D702F40008C5024 /* Chalkduster.ttf */,
				9B8F96AE1D702F40008C5024 /* CustomFontController.h */,
				9B8F96AF1D702F40008C5024 /* CustomFontController.m */,
				9B8F96B01D702F40008C5024 /* WawaTC-Regular.otf */,
				9B8F96B11D702F40008C5024 /* YuppySC-Regular.otf */,
			);
			path = "自定义字体";
			sourceTree = "<group>";
		};
		9B8F96B21D702F40008C5024 /* Pop_Present动画 */ = {
			isa = PBXGroup;
			children = (
				9B8F96B31D702F40008C5024 /* Category_PopPresent */,
				9B8F96B81D702F40008C5024 /* PopPresentConfig.h */,
				9B8F96B91D702F40008C5024 /* PopPresentController.h */,
				9B8F96BA1D702F40008C5024 /* PopPresentController.m */,
			);
			path = "Pop_Present动画";
			sourceTree = "<group>";
		};
		9B8F96B31D702F40008C5024 /* Category_PopPresent */ = {
			isa = PBXGroup;
			children = (
				9B8F96B41D702F40008C5024 /* UINavigationController+PopPresent.h */,
				9B8F96B51D702F40008C5024 /* UINavigationController+PopPresent.m */,
				9B8F96B61D702F40008C5024 /* UIViewController+PopPresent.h */,
				9B8F96B71D702F40008C5024 /* UIViewController+PopPresent.m */,
			);
			path = Category_PopPresent;
			sourceTree = "<group>";
		};
		9B8F96BB1D702F40008C5024 /* UITextFiled与UITextView占位符 */ = {
			isa = PBXGroup;
			children = (
				9B8F96BC1D702F40008C5024 /* TextViewFiledController.h */,
				9B8F96BD1D702F40008C5024 /* TextViewFiledController.m */,
				9B8F96BE1D702F40008C5024 /* TextViewPlaceholder.h */,
				9B8F96BF1D702F40008C5024 /* TextViewPlaceholder.m */,
				9B8F96C01D702F40008C5024 /* 毛玻璃效果 */,
			);
			path = "UITextFiled与UITextView占位符";
			sourceTree = "<group>";
		};
		9B8F96C01D702F40008C5024 /* 毛玻璃效果 */ = {
			isa = PBXGroup;
			children = (
			);
			path = "毛玻璃效果";
			sourceTree = "<group>";
		};
		9B8F96C11D702F40008C5024 /* weakSelf与strongSelf */ = {
			isa = PBXGroup;
			children = (
				9B8F96C21D702F40008C5024 /* weakStrongController.h */,
				9B8F96C31D702F40008C5024 /* weakStrongController.m */,
				9B8F96C41D702F40008C5024 /* weakStrongModel.h */,
				9B8F96C51D702F40008C5024 /* weakStrongModel.m */,
			);
			path = "weakSelf与strongSelf";
			sourceTree = "<group>";
		};
		9B8F96DD1D703943008C5024 /* 点赞动画 */ = {
			isa = PBXGroup;
			children = (
				9B8F96DE1D703955008C5024 /* PraiseController.h */,
				9B8F96DF1D703955008C5024 /* PraiseController.m */,
				9B8F96E41D703B7A008C5024 /* PraiseButton.h */,
				9B8F96E51D703B7A008C5024 /* PraiseButton.m */,
			);
			path = "点赞动画";
			sourceTree = "<group>";
		};
		9BF364E01D62B20A008B290D = {
			isa = PBXGroup;
			children = (
				9BF364EB1D62B20A008B290D /* DailyAccumulation */,
				9BF365051D62B20A008B290D /* DailyAccumulationTests */,
				9BF365101D62B20A008B290D /* DailyAccumulationUITests */,
				9BF364EA1D62B20A008B290D /* Products */,
			);
			sourceTree = "<group>";
		};
		9BF364EA1D62B20A008B290D /* Products */ = {
			isa = PBXGroup;
			children = (
				9BF364E91D62B20A008B290D /* DailyAccumulation.app */,
				9BF365021D62B20A008B290D /* DailyAccumulationTests.xctest */,
				9BF3650D1D62B20A008B290D /* DailyAccumulationUITests.xctest */,
			);
			name = Products;
			sourceTree = "<group>";
		};
		9BF364EB1D62B20A008B290D /* DailyAccumulation */ = {
			isa = PBXGroup;
			children = (
				9BF364EF1D62B20A008B290D /* AppDelegate.h */,
				9BF364F01D62B20A008B290D /* AppDelegate.m */,
				9BF365201D62B268008B290D /* HomeViewController */,
				9BF3652F1D62B772008B290D /* DayByDay */,
				9BF3651F1D62B268008B290D /* Common */,
				9BF365301D62B78E008B290D /* EffectImage */,
				9B8F96241D6ED4FB008C5024 /* Extensions */,
				9BF365311D62B7A6008B290D /* Resources */,
				9BF364F51D62B20A008B290D /* Main.storyboard */,
				9BF364F81D62B20A008B290D /* Assets.xcassets */,
				9BF364FA1D62B20A008B290D /* LaunchScreen.storyboard */,
				9BF364FD1D62B20A008B290D /* Info.plist */,
				9BF364EC1D62B20A008B290D /* Supporting Files */,
			);
			path = DailyAccumulation;
			sourceTree = "<group>";
		};
		9BF364EC1D62B20A008B290D /* Supporting Files */ = {
			isa = PBXGroup;
			children = (
				9BF364ED1D62B20A008B290D /* main.m */,
			);
			name = "Supporting Files";
			sourceTree = "<group>";
		};
		9BF365051D62B20A008B290D /* DailyAccumulationTests */ = {
			isa = PBXGroup;
			children = (
				9BF365061D62B20A008B290D /* DailyAccumulationTests.m */,
				9BF365081D62B20A008B290D /* Info.plist */,
			);
			path = DailyAccumulationTests;
			sourceTree = "<group>";
		};
		9BF365101D62B20A008B290D /* DailyAccumulationUITests */ = {
			isa = PBXGroup;
			children = (
				9BF365111D62B20A008B290D /* DailyAccumulationUITests.m */,
				9BF365131D62B20A008B290D /* Info.plist */,
			);
			path = DailyAccumulationUITests;
			sourceTree = "<group>";
		};
		9BF3651F1D62B268008B290D /* Common */ = {
			isa = PBXGroup;
			children = (
				9BF3652D1D62B35B008B290D /* DailyAccumulation.pch */,
				9B8F95C61D6BF1B9008C5024 /* ConfigGlobal.h */,
				9B8F95C71D6BF259008C5024 /* CommonManager.h */,
				9B8F95C81D6BF259008C5024 /* CommonManager.m */,
			);
			path = Common;
			sourceTree = "<group>";
		};
		9BF365201D62B268008B290D /* HomeViewController */ = {
			isa = PBXGroup;
			children = (
				9BF365211D62B28E008B290D /* SuperViewController.h */,
				9BF365221D62B28E008B290D /* SuperViewController.m */,
				9BF3652A1D62B322008B290D /* RootViewController.h */,
				9BF3652B1D62B322008B290D /* RootViewController.m */,
			);
			path = HomeViewController;
			sourceTree = "<group>";
		};
		9BF3652F1D62B772008B290D /* DayByDay */ = {
			isa = PBXGroup;
			children = (
				9B8F967D1D6FC615008C5024 /* 常见功能集锦 */,
				9B8F96791D6FC52A008C5024 /* 动画集锦 */,
			);
			path = DayByDay;
			sourceTree = "<group>";
		};
		9BF365301D62B78E008B290D /* EffectImage */ = {
			isa = PBXGroup;
			children = (
			);
			path = EffectImage;
			sourceTree = "<group>";
		};
		9BF365311D62B7A6008B290D /* Resources */ = {
			isa = PBXGroup;
			children = (
				9B8F96281D6ED7CF008C5024 /* Xcode快捷键.h */,
				9B8F96331D6EE976008C5024 /* common.plist */,
				9B8F96761D6FC4B9008C5024 /* animation.plist */,
				9B8F96881D702CE8008C5024 /* category.plist */,
			);
			path = Resources;
			sourceTree = "<group>";
		};
/* End PBXGroup section */

/* Begin PBXNativeTarget section */
		9BF364E81D62B20A008B290D /* DailyAccumulation */ = {
			isa = PBXNativeTarget;
			buildConfigurationList = 9BF365161D62B20A008B290D /* Build configuration list for PBXNativeTarget "DailyAccumulation" */;
			buildPhases = (
				9BF364E51D62B20A008B290D /* Sources */,
				9BF364E61D62B20A008B290D /* Frameworks */,
				9BF364E71D62B20A008B290D /* Resources */,
			);
			buildRules = (
			);
			dependencies = (
			);
			name = DailyAccumulation;
			productName = DailyAccumulation;
			productReference = 9BF364E91D62B20A008B290D /* DailyAccumulation.app */;
			productType = "com.apple.product-type.application";
		};
		9BF365011D62B20A008B290D /* DailyAccumulationTests */ = {
			isa = PBXNativeTarget;
			buildConfigurationList = 9BF365191D62B20A008B290D /* Build configuration list for PBXNativeTarget "DailyAccumulationTests" */;
			buildPhases = (
				9BF364FE1D62B20A008B290D /* Sources */,
				9BF364FF1D62B20A008B290D /* Frameworks */,
				9BF365001D62B20A008B290D /* Resources */,
			);
			buildRules = (
			);
			dependencies = (
				9BF365041D62B20A008B290D /* PBXTargetDependency */,
			);
			name = DailyAccumulationTests;
			productName = DailyAccumulationTests;
			productReference = 9BF365021D62B20A008B290D /* DailyAccumulationTests.xctest */;
			productType = "com.apple.product-type.bundle.unit-test";
		};
		9BF3650C1D62B20A008B290D /* DailyAccumulationUITests */ = {
			isa = PBXNativeTarget;
			buildConfigurationList = 9BF3651C1D62B20A008B290D /* Build configuration list for PBXNativeTarget "DailyAccumulationUITests" */;
			buildPhases = (
				9BF365091D62B20A008B290D /* Sources */,
				9BF3650A1D62B20A008B290D /* Frameworks */,
				9BF3650B1D62B20A008B290D /* Resources */,
			);
			buildRules = (
			);
			dependencies = (
				9BF3650F1D62B20A008B290D /* PBXTargetDependency */,
			);
			name = DailyAccumulationUITests;
			productName = DailyAccumulationUITests;
			productReference = 9BF3650D1D62B20A008B290D /* DailyAccumulationUITests.xctest */;
			productType = "com.apple.product-type.bundle.ui-testing";
		};
/* End PBXNativeTarget section */

/* Begin PBXProject section */
		9BF364E11D62B20A008B290D /* Project object */ = {
			isa = PBXProject;
			attributes = {
				LastUpgradeCheck = 0730;
				ORGANIZATIONNAME = youran;
				TargetAttributes = {
					9BF364E81D62B20A008B290D = {
						CreatedOnToolsVersion = 7.3.1;
					};
					9BF365011D62B20A008B290D = {
						CreatedOnToolsVersion = 7.3.1;
						TestTargetID = 9BF364E81D62B20A008B290D;
					};
					9BF3650C1D62B20A008B290D = {
						CreatedOnToolsVersion = 7.3.1;
						TestTargetID = 9BF364E81D62B20A008B290D;
					};
				};
			};
			buildConfigurationList = 9BF364E41D62B20A008B290D /* Build configuration list for PBXProject "DailyAccumulation" */;
			compatibilityVersion = "Xcode 3.2";
			developmentRegion = English;
			hasScannedForEncodings = 0;
			knownRegions = (
				en,
				Base,
			);
			mainGroup = 9BF364E01D62B20A008B290D;
			productRefGroup = 9BF364EA1D62B20A008B290D /* Products */;
			projectDirPath = "";
			projectRoot = "";
			targets = (
				9BF364E81D62B20A008B290D /* DailyAccumulation */,
				9BF365011D62B20A008B290D /* DailyAccumulationTests */,
				9BF3650C1D62B20A008B290D /* DailyAccumulationUITests */,
			);
		};
/* End PBXProject section */

/* Begin PBXResourcesBuildPhase section */
		9BF364E71D62B20A008B290D /* Resources */ = {
			isa = PBXResourcesBuildPhase;
			buildActionMask = 2147483647;
			files = (
				9B8F96D41D702F40008C5024 /* WawaTC-Regular.otf in Resources */,
				9BF364FC1D62B20A008B290D /* LaunchScreen.storyboard in Resources */,
				9B8F96D51D702F40008C5024 /* YuppySC-Regular.otf in Resources */,
				9B8F96771D6FC4B9008C5024 /* animation.plist in Resources */,
				9B8F96341D6EE976008C5024 /* common.plist in Resources */,
				9BF364F91D62B20A008B290D /* Assets.xcassets in Resources */,
				9B8F96CE1D702F40008C5024 /* area.plist in Resources */,
				9B8F96D21D702F40008C5024 /* Chalkduster.ttf in Resources */,
				9B8F96891D702CE8008C5024 /* category.plist in Resources */,
				9BF364F71D62B20A008B290D /* Main.storyboard in Resources */,
			);
			runOnlyForDeploymentPostprocessing = 0;
		};
		9BF365001D62B20A008B290D /* Resources */ = {
			isa = PBXResourcesBuildPhase;
			buildActionMask = 2147483647;
			files = (
			);
			runOnlyForDeploymentPostprocessing = 0;
		};
		9BF3650B1D62B20A008B290D /* Resources */ = {
			isa = PBXResourcesBuildPhase;
			buildActionMask = 2147483647;
			files = (
			);
			runOnlyForDeploymentPostprocessing = 0;
		};
/* End PBXResourcesBuildPhase section */

/* Begin PBXSourcesBuildPhase section */
		9BF364E51D62B20A008B290D /* Sources */ = {
			isa = PBXSourcesBuildPhase;
			buildActionMask = 2147483647;
			files = (
				9B8F96D91D702F40008C5024 /* TextViewFiledController.m in Sources */,
				9B8F96CB1D702F40008C5024 /* BoxView.m in Sources */,
				9B8F968C1D702D96008C5024 /* CommonController.m in Sources */,
				9BF364F11D62B20A008B290D /* AppDelegate.m in Sources */,
				9BF364EE1D62B20A008B290D /* main.m in Sources */,
				9B8F96271D6ED51F008C5024 /* UIView+Extension.m in Sources */,
				9B8F96811D6FC8A9008C5024 /* WeiboPopController.m in Sources */,
				9B8F96D61D702F40008C5024 /* UINavigationController+PopPresent.m in Sources */,
				9B8F96C71D702F40008C5024 /* PasswordView.m in Sources */,
				9B8F96D31D702F40008C5024 /* CustomFontController.m in Sources */,
				9B8F96D11D702F40008C5024 /* NightModeController.m in Sources */,
				9B8F96E61D703B7A008C5024 /* PraiseButton.m in Sources */,
				9B8F96C81D702F40008C5024 /* CornerRadiusController.m in Sources */,
				9B8F96DB1D702F40008C5024 /* weakStrongController.m in Sources */,
				9B8F962B1D6EE10F008C5024 /* UIImageView+Extension.m in Sources */,
				9BF3652C1D62B322008B290D /* RootViewController.m in Sources */,
				9B8F96CF1D702F40008C5024 /* AreaPickerController.m in Sources */,
				9B8F95C91D6BF259008C5024 /* CommonManager.m in Sources */,
				9B8F96D81D702F40008C5024 /* PopPresentController.m in Sources */,
				9B8F962E1D6EE1AA008C5024 /* UIImage+Extension.m in Sources */,
				9B8F96C61D702F40008C5024 /* PasswordController.m in Sources */,
				9B8F96CA1D702F40008C5024 /* CarouselAdvertController.m in Sources */,
				9B8F96E01D703955008C5024 /* PraiseController.m in Sources */,
				9B8F967C1D6FC54E008C5024 /* AnimationController.m in Sources */,
				9B8F96DA1D702F40008C5024 /* TextViewPlaceholder.m in Sources */,
				9B8F96C91D702F40008C5024 /* AdvertScrollView.m in Sources */,
				9B8F96D71D702F40008C5024 /* UIViewController+PopPresent.m in Sources */,
				9BF365231D62B28E008B290D /* SuperViewController.m in Sources */,
				9B8F96CD1D702F40008C5024 /* BlurryController.m in Sources */,
				9B8F96D01D702F40008C5024 /* AreaPickerView.m in Sources */,
				9B8F96871D6FD019008C5024 /* CustomMenuController.m in Sources */,
				9B8F96DC1D702F40008C5024 /* weakStrongModel.m in Sources */,
				9B8F96CC1D702F40008C5024 /* DragBoxController.m in Sources */,
			);
			runOnlyForDeploymentPostprocessing = 0;
		};
		9BF364FE1D62B20A008B290D /* Sources */ = {
			isa = PBXSourcesBuildPhase;
			buildActionMask = 2147483647;
			files = (
				9BF365071D62B20A008B290D /* DailyAccumulationTests.m in Sources */,
			);
			runOnlyForDeploymentPostprocessing = 0;
		};
		9BF365091D62B20A008B290D /* Sources */ = {
			isa = PBXSourcesBuildPhase;
			buildActionMask = 2147483647;
			files = (
				9BF365121D62B20A008B290D /* DailyAccumulationUITests.m in Sources */,
			);
			runOnlyForDeploymentPostprocessing = 0;
		};
/* End PBXSourcesBuildPhase section */

/* Begin PBXTargetDependency section */
		9BF365041D62B20A008B290D /* PBXTargetDependency */ = {
			isa = PBXTargetDependency;
			target = 9BF364E81D62B20A008B290D /* DailyAccumulation */;
			targetProxy = 9BF365031D62B20A008B290D /* PBXContainerItemProxy */;
		};
		9BF3650F1D62B20A008B290D /* PBXTargetDependency */ = {
			isa = PBXTargetDependency;
			target = 9BF364E81D62B20A008B290D /* DailyAccumulation */;
			targetProxy = 9BF3650E1D62B20A008B290D /* PBXContainerItemProxy */;
		};
/* End PBXTargetDependency section */

/* Begin PBXVariantGroup section */
		9BF364F51D62B20A008B290D /* Main.storyboard */ = {
			isa = PBXVariantGroup;
			children = (
				9BF364F61D62B20A008B290D /* Base */,
			);
			name = Main.storyboard;
			sourceTree = "<group>";
		};
		9BF364FA1D62B20A008B290D /* LaunchScreen.storyboard */ = {
			isa = PBXVariantGroup;
			children = (
				9BF364FB1D62B20A008B290D /* Base */,
			);
			name = LaunchScreen.storyboard;
			sourceTree = "<group>";
		};
/* End PBXVariantGroup section */

/* Begin XCBuildConfiguration section */
		9BF365141D62B20A008B290D /* Debug */ = {
			isa = XCBuildConfiguration;
			buildSettings = {
				ALWAYS_SEARCH_USER_PATHS = NO;
				CLANG_ANALYZER_NONNULL = YES;
				CLANG_CXX_LANGUAGE_STANDARD = "gnu++0x";
				CLANG_CXX_LIBRARY = "libc++";
				CLANG_ENABLE_MODULES = YES;
				CLANG_ENABLE_OBJC_ARC = YES;
				CLANG_WARN_BOOL_CONVERSION = YES;
				CLANG_WARN_CONSTANT_CONVERSION = YES;
				CLANG_WARN_DIRECT_OBJC_ISA_USAGE = YES_ERROR;
				CLANG_WARN_EMPTY_BODY = YES;
				CLANG_WARN_ENUM_CONVERSION = YES;
				CLANG_WARN_INT_CONVERSION = YES;
				CLANG_WARN_OBJC_ROOT_CLASS = YES_ERROR;
				CLANG_WARN_UNREACHABLE_CODE = YES;
				CLANG_WARN__DUPLICATE_METHOD_MATCH = YES;
				"CODE_SIGN_IDENTITY[sdk=iphoneos*]" = "iPhone Developer";
				COPY_PHASE_STRIP = NO;
				DEBUG_INFORMATION_FORMAT = dwarf;
				ENABLE_STRICT_OBJC_MSGSEND = YES;
				ENABLE_TESTABILITY = YES;
				GCC_C_LANGUAGE_STANDARD = gnu99;
				GCC_DYNAMIC_NO_PIC = NO;
				GCC_NO_COMMON_BLOCKS = YES;
				GCC_OPTIMIZATION_LEVEL = 0;
				GCC_PREPROCESSOR_DEFINITIONS = (
					"DEBUG=1",
					"$(inherited)",
				);
				GCC_WARN_64_TO_32_BIT_CONVERSION = YES;
				GCC_WARN_ABOUT_RETURN_TYPE = YES_ERROR;
				GCC_WARN_UNDECLARED_SELECTOR = YES;
				GCC_WARN_UNINITIALIZED_AUTOS = YES_AGGRESSIVE;
				GCC_WARN_UNUSED_FUNCTION = YES;
				GCC_WARN_UNUSED_VARIABLE = YES;
				IPHONEOS_DEPLOYMENT_TARGET = 9.3;
				MTL_ENABLE_DEBUG_INFO = YES;
				ONLY_ACTIVE_ARCH = YES;
				SDKROOT = iphoneos;
				TARGETED_DEVICE_FAMILY = "1,2";
			};
			name = Debug;
		};
		9BF365151D62B20A008B290D /* Release */ = {
			isa = XCBuildConfiguration;
			buildSettings = {
				ALWAYS_SEARCH_USER_PATHS = NO;
				CLANG_ANALYZER_NONNULL = YES;
				CLANG_CXX_LANGUAGE_STANDARD = "gnu++0x";
				CLANG_CXX_LIBRARY = "libc++";
				CLANG_ENABLE_MODULES = YES;
				CLANG_ENABLE_OBJC_ARC = YES;
				CLANG_WARN_BOOL_CONVERSION = YES;
				CLANG_WARN_CONSTANT_CONVERSION = YES;
				CLANG_WARN_DIRECT_OBJC_ISA_USAGE = YES_ERROR;
				CLANG_WARN_EMPTY_BODY = YES;
				CLANG_WARN_ENUM_CONVERSION = YES;
				CLANG_WARN_INT_CONVERSION = YES;
				CLANG_WARN_OBJC_ROOT_CLASS = YES_ERROR;
				CLANG_WARN_UNREACHABLE_CODE = YES;
				CLANG_WARN__DUPLICATE_METHOD_MATCH = YES;
				"CODE_SIGN_IDENTITY[sdk=iphoneos*]" = "iPhone Developer";
				COPY_PHASE_STRIP = NO;
				DEBUG_INFORMATION_FORMAT = "dwarf-with-dsym";
				ENABLE_NS_ASSERTIONS = NO;
				ENABLE_STRICT_OBJC_MSGSEND = YES;
				GCC_C_LANGUAGE_STANDARD = gnu99;
				GCC_NO_COMMON_BLOCKS = YES;
				GCC_WARN_64_TO_32_BIT_CONVERSION = YES;
				GCC_WARN_ABOUT_RETURN_TYPE = YES_ERROR;
				GCC_WARN_UNDECLARED_SELECTOR = YES;
				GCC_WARN_UNINITIALIZED_AUTOS = YES_AGGRESSIVE;
				GCC_WARN_UNUSED_FUNCTION = YES;
				GCC_WARN_UNUSED_VARIABLE = YES;
				IPHONEOS_DEPLOYMENT_TARGET = 9.3;
				MTL_ENABLE_DEBUG_INFO = NO;
				SDKROOT = iphoneos;
				TARGETED_DEVICE_FAMILY = "1,2";
				VALIDATE_PRODUCT = YES;
			};
			name = Release;
		};
		9BF365171D62B20A008B290D /* Debug */ = {
			isa = XCBuildConfiguration;
			buildSettings = {
				ASSETCATALOG_COMPILER_APPICON_NAME = AppIcon;
				GCC_PREFIX_HEADER = "$(SRCROOT)/DailyAccumulation/Common/DailyAccumulation.pch";
				INFOPLIST_FILE = DailyAccumulation/Info.plist;
				IPHONEOS_DEPLOYMENT_TARGET = 8.0;
				LD_RUNPATH_SEARCH_PATHS = "$(inherited) @executable_path/Frameworks";
				PRODUCT_BUNDLE_IDENTIFIER = com.deltalpha.DailyAccumulation;
				PRODUCT_NAME = "$(TARGET_NAME)";
			};
			name = Debug;
		};
		9BF365181D62B20A008B290D /* Release */ = {
			isa = XCBuildConfiguration;
			buildSettings = {
				ASSETCATALOG_COMPILER_APPICON_NAME = AppIcon;
				GCC_PREFIX_HEADER = "$(SRCROOT)/DailyAccumulation/Common/DailyAccumulation.pch";
				INFOPLIST_FILE = DailyAccumulation/Info.plist;
				IPHONEOS_DEPLOYMENT_TARGET = 8.0;
				LD_RUNPATH_SEARCH_PATHS = "$(inherited) @executable_path/Frameworks";
				PRODUCT_BUNDLE_IDENTIFIER = com.deltalpha.DailyAccumulation;
				PRODUCT_NAME = "$(TARGET_NAME)";
			};
			name = Release;
		};
		9BF3651A1D62B20A008B290D /* Debug */ = {
			isa = XCBuildConfiguration;
			buildSettings = {
				BUNDLE_LOADER = "$(TEST_HOST)";
				INFOPLIST_FILE = DailyAccumulationTests/Info.plist;
				LD_RUNPATH_SEARCH_PATHS = "$(inherited) @executable_path/Frameworks @loader_path/Frameworks";
				PRODUCT_BUNDLE_IDENTIFIER = com.deltalpha.DailyAccumulationTests;
				PRODUCT_NAME = "$(TARGET_NAME)";
				TEST_HOST = "$(BUILT_PRODUCTS_DIR)/DailyAccumulation.app/DailyAccumulation";
			};
			name = Debug;
		};
		9BF3651B1D62B20A008B290D /* Release */ = {
			isa = XCBuildConfiguration;
			buildSettings = {
				BUNDLE_LOADER = "$(TEST_HOST)";
				INFOPLIST_FILE = DailyAccumulationTests/Info.plist;
				LD_RUNPATH_SEARCH_PATHS = "$(inherited) @executable_path/Frameworks @loader_path/Frameworks";
				PRODUCT_BUNDLE_IDENTIFIER = com.deltalpha.DailyAccumulationTests;
				PRODUCT_NAME = "$(TARGET_NAME)";
				TEST_HOST = "$(BUILT_PRODUCTS_DIR)/DailyAccumulation.app/DailyAccumulation";
			};
			name = Release;
		};
		9BF3651D1D62B20A008B290D /* Debug */ = {
			isa = XCBuildConfiguration;
			buildSettings = {
				INFOPLIST_FILE = DailyAccumulationUITests/Info.plist;
				LD_RUNPATH_SEARCH_PATHS = "$(inherited) @executable_path/Frameworks @loader_path/Frameworks";
				PRODUCT_BUNDLE_IDENTIFIER = com.deltalpha.DailyAccumulationUITests;
				PRODUCT_NAME = "$(TARGET_NAME)";
				TEST_TARGET_NAME = DailyAccumulation;
			};
			name = Debug;
		};
		9BF3651E1D62B20A008B290D /* Release */ = {
			isa = XCBuildConfiguration;
			buildSettings = {
				INFOPLIST_FILE = DailyAccumulationUITests/Info.plist;
				LD_RUNPATH_SEARCH_PATHS = "$(inherited) @executable_path/Frameworks @loader_path/Frameworks";
				PRODUCT_BUNDLE_IDENTIFIER = com.deltalpha.DailyAccumulationUITests;
				PRODUCT_NAME = "$(TARGET_NAME)";
				TEST_TARGET_NAME = DailyAccumulation;
			};
			name = Release;
		};
/* End XCBuildConfiguration section */

/* Begin XCConfigurationList section */
		9BF364E41D62B20A008B290D /* Build configuration list for PBXProject "DailyAccumulation" */ = {
			isa = XCConfigurationList;
			buildConfigurations = (
				9BF365141D62B20A008B290D /* Debug */,
				9BF365151D62B20A008B290D /* Release */,
			);
			defaultConfigurationIsVisible = 0;
			defaultConfigurationName = Release;
		};
		9BF365161D62B20A008B290D /* Build configuration list for PBXNativeTarget "DailyAccumulation" */ = {
			isa = XCConfigurationList;
			buildConfigurations = (
				9BF365171D62B20A008B290D /* Debug */,
				9BF365181D62B20A008B290D /* Release */,
			);
			defaultConfigurationIsVisible = 0;
			defaultConfigurationName = Release;
		};
		9BF365191D62B20A008B290D /* Build configuration list for PBXNativeTarget "DailyAccumulationTests" */ = {
			isa = XCConfigurationList;
			buildConfigurations = (
				9BF3651A1D62B20A008B290D /* Debug */,
				9BF3651B1D62B20A008B290D /* Release */,
			);
			defaultConfigurationIsVisible = 0;
			defaultConfigurationName = Release;
		};
		9BF3651C1D62B20A008B290D /* Build configuration list for PBXNativeTarget "DailyAccumulationUITests" */ = {
			isa = XCConfigurationList;
			buildConfigurations = (
				9BF3651D1D62B20A008B290D /* Debug */,
				9BF3651E1D62B20A008B290D /* Release */,
			);
			defaultConfigurationIsVisible = 0;
			defaultConfigurationName = Release;
		};
/* End XCConfigurationList section */
	};
	rootObject = 9BF364E11D62B20A008B290D /* Project object */;
}
